<?xml version="1.0" encoding="utf-8"?>
<Project ToolsVersion="4.0" xmlns="http://schemas.microsoft.com/developer/msbuild/2003">
  <ItemGroup>
    <Filter Include="源文件">
      <UniqueIdentifier>{4FC737F1-C7A5-4376-A066-2A32D752A2FF}</UniqueIdentifier>
      <Extensions>cpp;c;cc;cxx;c++;cppm;ixx;def;odl;idl;hpj;bat;asm;asmx</Extensions>
    </Filter>
    <Filter Include="头文件">
      <UniqueIdentifier>{93995380-89BD-4b04-88EB-625FBE52EBFB}</UniqueIdentifier>
      <Extensions>h;hh;hpp;hxx;h++;hm;inl;inc;ipp;xsd</Extensions>
    </Filter>
    <Filter Include="资源文件">
      <UniqueIdentifier>{67DA6AB6-F800-4c08-8B7A-83BB121AAD01}</UniqueIdentifier>
      <Extensions>rc;ico;cur;bmp;dlg;rc2;rct;bin;rgs;gif;jpg;jpeg;jpe;resx;tiff;tif;png;wav;mfcribbon-ms</Extensions>
    </Filter>
    <Filter Include="Glad">
      <UniqueIdentifier>{9988dcfc-43c9-4736-8fd4-6dd1f2e836aa}</UniqueIdentifier>
    </Filter>
  </ItemGroup>
  <ItemGroup>
    <None Include="packages.config" />
  </ItemGroup>
  <ItemGroup>
    <ClCompile Include="main.cpp">
      <Filter>源文件</Filter>
    </ClCompile>
    <ClCompile Include="glad\src\glad.c">
      <Filter>Glad</Filter>
    </ClCompile>
    <ClCompile Include="game.cpp">
      <Filter>源文件</Filter>
    </ClCompile>
    <ClCompile Include="render_utils.cpp">
      <Filter>源文件</Filter>
    </ClCompile>
    <ClCompile Include="Table.cpp">
      <Filter>源文件</Filter>
    </ClCompile>
    <ClCompile Include="math_utils.cpp">
      <Filter>源文件</Filter>
    </ClCompile>
    <ClCompile Include="utils.cpp">
      <Filter>源文件</Filter>
    </ClCompile>
    <ClCompile Include="Balls.cpp">
      <Filter>源文件</Filter>
    </ClCompile>
    <ClCompile Include="Ball.cpp">
      <Filter>源文件</Filter>
    </ClCompile>
    <ClCompile Include="Sphere.cpp">
      <Filter>源文件</Filter>
    </ClCompile>
    <ClCompile Include="rawdata\ballinhole.cpp">
      <Filter>源文件</Filter>
    </ClCompile>
    <ClCompile Include="rawdata\balloutoftable.cpp">
      <Filter>源文件</Filter>
    </ClCompile>
    <ClCompile Include="rawdata\ball_ball.cpp">
      <Filter>源文件</Filter>
    </ClCompile>
    <ClCompile Include="rawdata\oneballontable.cpp">
      <Filter>源文件</Filter>
    </ClCompile>
    <ClCompile Include="rawdata\shuffleballs.cpp">
      <Filter>源文件</Filter>
    </ClCompile>
    <ClCompile Include="sound_stuff.cpp">
      <Filter>源文件</Filter>
    </ClCompile>
  </ItemGroup>
  <ItemGroup>
    <ClInclude Include="game.h">
      <Filter>头文件</Filter>
    </ClInclude>
    <ClInclude Include="math_utils.h">
      <Filter>头文件</Filter>
    </ClInclude>
    <ClInclude Include="Ball.h">
      <Filter>头文件</Filter>
    </ClInclude>
    <ClInclude Include="render_utils.h">
      <Filter>头文件</Filter>
    </ClInclude>
    <ClInclude Include="Table.h">
      <Filter>头文件</Filter>
    </ClInclude>
    <ClInclude Include="defs.h">
      <Filter>头文件</Filter>
    </ClInclude>
    <ClInclude Include="utils.h">
      <Filter>头文件</Filter>
    </ClInclude>
    <ClInclude Include="Balls.h">
      <Filter>头文件</Filter>
    </ClInclude>
    <ClInclude Include="Sphere.h">
      <Filter>头文件</Filter>
    </ClInclude>
    <ClInclude Include="sound_raw_data.h">
      <Filter>头文件</Filter>
    </ClInclude>
    <ClInclude Include="sound_stuff.h">
      <Filter>头文件</Filter>
    </ClInclude>
  </ItemGroup>
</Project>